# THIS IS AN AUTOGENERATED FILE. DO NOT EDIT THIS FILE DIRECTLY.
# yarn lockfile v1


dnd5e@^1.1.1:
  version "1.1.1"
  resolved "https://registry.yarnpkg.com/dnd5e/-/dnd5e-1.1.1.tgz#d1c55da663ca34580870fb52f86e71201aa7c527"
  integrity sha512-rocGwCmt65A8o4gonqx6hX4VhjlJZ1cR7I9vM495aBFRZ0cyQclOOKiMOxZ3ZRQmb3bhLYoUXxS118Bjz9MVcA==

typescript@^3.4.1:
  version "3.4.1"
  resolved "https://registry.yarnpkg.com/typescript/-/typescript-3.4.1.tgz#b6691be11a881ffa9a05765a205cb7383f3b63c6"
